
Microsoft Visual Studio Solution File, Format Version 12.00
# Visual Studio 15
VisualStudioVersion = 15.0.28010.2016
MinimumVisualStudioVersion = 10.0.40219.1
Project("{FAE04EC0-301F-11D3-BF4B-00C04F79EFBC}") = "BookApp", "BookApp\BookApp.csproj", "{988F71D8-0740-42F6-84C2-63A7B438309F}"
EndProject
Global
	GlobalSection(SolutionConfigurationPlatforms) = preSolution
		Debug|Any CPU = Debug|Any CPU
		Release|Any CPU = Release|Any CPU
	EndGlobalSection
	GlobalSection(ProjectConfigurationPlatforms) = postSolution
		{988F71D8-0740-42F6-84C2-63A7B438309F}.Debug|Any CPU.ActiveCfg = Debug|Any CPU
		{988F71D8-0740-42F6-84C2-63A7B438309F}.Debug|Any CPU.Build.0 = Debug|Any CPU
		{988F71D8-0740-42F6-84C2-63A7B438309F}.Release|Any CPU.ActiveCfg = Release|Any CPU
		{988F71D8-0740-42F6-84C2-63A7B438309F}.Release|Any CPU.Build.0 = Release|Any CPU
	EndGlobalSection
	GlobalSection(SolutionProperties) = preSolution
		HideSolutionNode = FALSE
	EndGlobalSection
	GlobalSection(ExtensibilityGlobals) = postSolution
		SolutionGuid = {EDE0239A-81B1-4795-8FC5-6515A1A43982}
	EndGlobalSection
EndGlobal
